
Microsoft Visual Studio Solution File, Format Version 12.00
# Visual Studio 15
VisualStudioVersion = 15.0.27130.2024
MinimumVisualStudioVersion = 10.0.40219.1
Project("{9A19103F-16F7-4668-BE54-9A1E7A4F7556}") = "Sorschia", "Sorschia\Sorschia.csproj", "{3531D6E5-E58E-4DBC-B093-4DB86BA13B8A}"
EndProject
Project("{9A19103F-16F7-4668-BE54-9A1E7A4F7556}") = "Sorschia.SqlServer", "Sorschia.SqlServer\Sorschia.SqlServer.csproj", "{978171A2-852A-4AB8-9E9C-B6690658955C}"
EndProject
Project("{9A19103F-16F7-4668-BE54-9A1E7A4F7556}") = "Sorschia.Json", "Sorschia.Json\Sorschia.Json.csproj", "{4546E6AF-D2E1-430D-AD5A-341303023FA9}"
EndProject
Project("{FAE04EC0-301F-11D3-BF4B-00C04F79EFBC}") = "Sorschia.Wpf", "Sorschia.Wpf\Sorschia.Wpf.csproj", "{75B37FF2-5A94-4B36-A2A6-189A9EBA692C}"
EndProject
Project("{9A19103F-16F7-4668-BE54-9A1E7A4F7556}") = "Sorschia.Configuration.ConnectionString", "Sorschia.Configuration.ConnectionString\Sorschia.Configuration.ConnectionString.csproj", "{1D8779D6-92E1-47B6-B2D5-91DFDCC8C552}"
EndProject
Project("{9A19103F-16F7-4668-BE54-9A1E7A4F7556}") = "Sorschia.Configuration.ConnectionString.Json", "Sorschia.Configuration.ConnectionString.Json\Sorschia.Configuration.ConnectionString.Json.csproj", "{FB90B371-D1E9-4000-900B-C94300C42B01}"
EndProject
Project("{9A19103F-16F7-4668-BE54-9A1E7A4F7556}") = "Sorschia.Application", "Sorschia.Application\Sorschia.Application.csproj", "{EA9E0BFA-C820-4852-A364-5150DDE605E6}"
EndProject
Project("{FAE04EC0-301F-11D3-BF4B-00C04F79EFBC}") = "Sorschia.Utilities", "Sorschia.Utilities\Sorschia.Utilities.csproj", "{B324DB5E-A2DD-4736-B940-FF6F52CAC6CE}"
EndProject
Project("{FAE04EC0-301F-11D3-BF4B-00C04F79EFBC}") = "Sorschia.Security", "Sorschia.Security\Sorschia.Security.csproj", "{1D6BD1AD-5F30-466E-A750-A6DFAEC5244D}"
EndProject
Project("{FAE04EC0-301F-11D3-BF4B-00C04F79EFBC}") = "Sorschia.Extensions", "Sorschia.Extensions\Sorschia.Extensions.csproj", "{742D40F7-7836-4C51-8AAA-122F66B479CD}"
EndProject
Project("{FAE04EC0-301F-11D3-BF4B-00C04F79EFBC}") = "Sorschia.Data", "Sorschia.Data\Sorschia.Data.csproj", "{9B712C84-5401-4878-A01D-C927704ACFC4}"
EndProject
Project("{FAE04EC0-301F-11D3-BF4B-00C04F79EFBC}") = "Sorschia.Processing", "Sorschia.Processing\Sorschia.Processing.csproj", "{A17AF9AE-30EB-4D54-ADD2-47C9F60B804F}"
EndProject
Project("{FAE04EC0-301F-11D3-BF4B-00C04F79EFBC}") = "Sorschia.Entity", "Sorschia.Entity\Sorschia.Entity.csproj", "{9C034F4A-65B2-4FF7-9994-664D9D6E4D5B}"
EndProject
Project("{FAE04EC0-301F-11D3-BF4B-00C04F79EFBC}") = "Sorschia.Data.Processing", "Sorschia.Data.Processing\Sorschia.Data.Processing.csproj", "{14A4FC47-B918-4EF2-B3EC-1DBDEFB4E438}"
EndProject
Global
	GlobalSection(SolutionConfigurationPlatforms) = preSolution
		Debug|Any CPU = Debug|Any CPU
		Release|Any CPU = Release|Any CPU
	EndGlobalSection
	GlobalSection(ProjectConfigurationPlatforms) = postSolution
		{3531D6E5-E58E-4DBC-B093-4DB86BA13B8A}.Debug|Any CPU.ActiveCfg = Debug|Any CPU
		{3531D6E5-E58E-4DBC-B093-4DB86BA13B8A}.Debug|Any CPU.Build.0 = Debug|Any CPU
		{3531D6E5-E58E-4DBC-B093-4DB86BA13B8A}.Release|Any CPU.ActiveCfg = Release|Any CPU
		{3531D6E5-E58E-4DBC-B093-4DB86BA13B8A}.Release|Any CPU.Build.0 = Release|Any CPU
		{978171A2-852A-4AB8-9E9C-B6690658955C}.Debug|Any CPU.ActiveCfg = Debug|Any CPU
		{978171A2-852A-4AB8-9E9C-B6690658955C}.Debug|Any CPU.Build.0 = Debug|Any CPU
		{978171A2-852A-4AB8-9E9C-B6690658955C}.Release|Any CPU.ActiveCfg = Release|Any CPU
		{978171A2-852A-4AB8-9E9C-B6690658955C}.Release|Any CPU.Build.0 = Release|Any CPU
		{4546E6AF-D2E1-430D-AD5A-341303023FA9}.Debug|Any CPU.ActiveCfg = Debug|Any CPU
		{4546E6AF-D2E1-430D-AD5A-341303023FA9}.Debug|Any CPU.Build.0 = Debug|Any CPU
		{4546E6AF-D2E1-430D-AD5A-341303023FA9}.Release|Any CPU.ActiveCfg = Release|Any CPU
		{4546E6AF-D2E1-430D-AD5A-341303023FA9}.Release|Any CPU.Build.0 = Release|Any CPU
		{75B37FF2-5A94-4B36-A2A6-189A9EBA692C}.Debug|Any CPU.ActiveCfg = Debug|Any CPU
		{75B37FF2-5A94-4B36-A2A6-189A9EBA692C}.Debug|Any CPU.Build.0 = Debug|Any CPU
		{75B37FF2-5A94-4B36-A2A6-189A9EBA692C}.Release|Any CPU.ActiveCfg = Release|Any CPU
		{75B37FF2-5A94-4B36-A2A6-189A9EBA692C}.Release|Any CPU.Build.0 = Release|Any CPU
		{1D8779D6-92E1-47B6-B2D5-91DFDCC8C552}.Debug|Any CPU.ActiveCfg = Debug|Any CPU
		{1D8779D6-92E1-47B6-B2D5-91DFDCC8C552}.Debug|Any CPU.Build.0 = Debug|Any CPU
		{1D8779D6-92E1-47B6-B2D5-91DFDCC8C552}.Release|Any CPU.ActiveCfg = Release|Any CPU
		{1D8779D6-92E1-47B6-B2D5-91DFDCC8C552}.Release|Any CPU.Build.0 = Release|Any CPU
		{FB90B371-D1E9-4000-900B-C94300C42B01}.Debug|Any CPU.ActiveCfg = Debug|Any CPU
		{FB90B371-D1E9-4000-900B-C94300C42B01}.Debug|Any CPU.Build.0 = Debug|Any CPU
		{FB90B371-D1E9-4000-900B-C94300C42B01}.Release|Any CPU.ActiveCfg = Release|Any CPU
		{FB90B371-D1E9-4000-900B-C94300C42B01}.Release|Any CPU.Build.0 = Release|Any CPU
		{EA9E0BFA-C820-4852-A364-5150DDE605E6}.Debug|Any CPU.ActiveCfg = Debug|Any CPU
		{EA9E0BFA-C820-4852-A364-5150DDE605E6}.Debug|Any CPU.Build.0 = Debug|Any CPU
		{EA9E0BFA-C820-4852-A364-5150DDE605E6}.Release|Any CPU.ActiveCfg = Release|Any CPU
		{EA9E0BFA-C820-4852-A364-5150DDE605E6}.Release|Any CPU.Build.0 = Release|Any CPU
		{B324DB5E-A2DD-4736-B940-FF6F52CAC6CE}.Debug|Any CPU.ActiveCfg = Debug|Any CPU
		{B324DB5E-A2DD-4736-B940-FF6F52CAC6CE}.Debug|Any CPU.Build.0 = Debug|Any CPU
		{B324DB5E-A2DD-4736-B940-FF6F52CAC6CE}.Release|Any CPU.ActiveCfg = Release|Any CPU
		{B324DB5E-A2DD-4736-B940-FF6F52CAC6CE}.Release|Any CPU.Build.0 = Release|Any CPU
		{1D6BD1AD-5F30-466E-A750-A6DFAEC5244D}.Debug|Any CPU.ActiveCfg = Debug|Any CPU
		{1D6BD1AD-5F30-466E-A750-A6DFAEC5244D}.Debug|Any CPU.Build.0 = Debug|Any CPU
		{1D6BD1AD-5F30-466E-A750-A6DFAEC5244D}.Release|Any CPU.ActiveCfg = Release|Any CPU
		{1D6BD1AD-5F30-466E-A750-A6DFAEC5244D}.Release|Any CPU.Build.0 = Release|Any CPU
		{742D40F7-7836-4C51-8AAA-122F66B479CD}.Debug|Any CPU.ActiveCfg = Debug|Any CPU
		{742D40F7-7836-4C51-8AAA-122F66B479CD}.Debug|Any CPU.Build.0 = Debug|Any CPU
		{742D40F7-7836-4C51-8AAA-122F66B479CD}.Release|Any CPU.ActiveCfg = Release|Any CPU
		{742D40F7-7836-4C51-8AAA-122F66B479CD}.Release|Any CPU.Build.0 = Release|Any CPU
		{9B712C84-5401-4878-A01D-C927704ACFC4}.Debug|Any CPU.ActiveCfg = Debug|Any CPU
		{9B712C84-5401-4878-A01D-C927704ACFC4}.Debug|Any CPU.Build.0 = Debug|Any CPU
		{9B712C84-5401-4878-A01D-C927704ACFC4}.Release|Any CPU.ActiveCfg = Release|Any CPU
		{9B712C84-5401-4878-A01D-C927704ACFC4}.Release|Any CPU.Build.0 = Release|Any CPU
		{A17AF9AE-30EB-4D54-ADD2-47C9F60B804F}.Debug|Any CPU.ActiveCfg = Debug|Any CPU
		{A17AF9AE-30EB-4D54-ADD2-47C9F60B804F}.Debug|Any CPU.Build.0 = Debug|Any CPU
		{A17AF9AE-30EB-4D54-ADD2-47C9F60B804F}.Release|Any CPU.ActiveCfg = Release|Any CPU
		{A17AF9AE-30EB-4D54-ADD2-47C9F60B804F}.Release|Any CPU.Build.0 = Release|Any CPU
		{9C034F4A-65B2-4FF7-9994-664D9D6E4D5B}.Debug|Any CPU.ActiveCfg = Debug|Any CPU
		{9C034F4A-65B2-4FF7-9994-664D9D6E4D5B}.Debug|Any CPU.Build.0 = Debug|Any CPU
		{9C034F4A-65B2-4FF7-9994-664D9D6E4D5B}.Release|Any CPU.ActiveCfg = Release|Any CPU
		{9C034F4A-65B2-4FF7-9994-664D9D6E4D5B}.Release|Any CPU.Build.0 = Release|Any CPU
		{14A4FC47-B918-4EF2-B3EC-1DBDEFB4E438}.Debug|Any CPU.ActiveCfg = Debug|Any CPU
		{14A4FC47-B918-4EF2-B3EC-1DBDEFB4E438}.Debug|Any CPU.Build.0 = Debug|Any CPU
		{14A4FC47-B918-4EF2-B3EC-1DBDEFB4E438}.Release|Any CPU.ActiveCfg = Release|Any CPU
		{14A4FC47-B918-4EF2-B3EC-1DBDEFB4E438}.Release|Any CPU.Build.0 = Release|Any CPU
	EndGlobalSection
	GlobalSection(SolutionProperties) = preSolution
		HideSolutionNode = FALSE
	EndGlobalSection
	GlobalSection(ExtensibilityGlobals) = postSolution
		SolutionGuid = {66242A14-3DAF-43A2-93B4-05C5464AD747}
	EndGlobalSection
EndGlobal
