
Microsoft Visual Studio Solution File, Format Version 12.00
# Visual Studio 15
VisualStudioVersion = 15.0.27004.2006
MinimumVisualStudioVersion = 10.0.40219.1
Project("{9A19103F-16F7-4668-BE54-9A1E7A4F7556}") = "Sorschia", "Sorschia\Sorschia.csproj", "{3531D6E5-E58E-4DBC-B093-4DB86BA13B8A}"
EndProject
Project("{9A19103F-16F7-4668-BE54-9A1E7A4F7556}") = "Sorschia.SqlServer", "Sorschia.SqlServer\Sorschia.SqlServer.csproj", "{978171A2-852A-4AB8-9E9C-B6690658955C}"
EndProject
Project("{9A19103F-16F7-4668-BE54-9A1E7A4F7556}") = "Sorschia.Json", "Sorschia.Json\Sorschia.Json.csproj", "{4546E6AF-D2E1-430D-AD5A-341303023FA9}"
EndProject
Project("{FAE04EC0-301F-11D3-BF4B-00C04F79EFBC}") = "Sorschia.Wpf", "Sorschia.Wpf\Sorschia.Wpf.csproj", "{75B37FF2-5A94-4B36-A2A6-189A9EBA692C}"
EndProject
Project("{FAE04EC0-301F-11D3-BF4B-00C04F79EFBC}") = "MyDayManager", "MyDayManager\MyDayManager.csproj", "{32930455-5331-4420-B6D9-27B2C0200BCF}"
EndProject
Project("{FAE04EC0-301F-11D3-BF4B-00C04F79EFBC}") = "MyDayManager.SqlServer", "MyDayManager.SqlServer\MyDayManager.SqlServer.csproj", "{187374F0-769C-4939-8EE5-B8BADCFD4F75}"
EndProject
Global
	GlobalSection(SolutionConfigurationPlatforms) = preSolution
		Debug|Any CPU = Debug|Any CPU
		Release|Any CPU = Release|Any CPU
	EndGlobalSection
	GlobalSection(ProjectConfigurationPlatforms) = postSolution
		{3531D6E5-E58E-4DBC-B093-4DB86BA13B8A}.Debug|Any CPU.ActiveCfg = Debug|Any CPU
		{3531D6E5-E58E-4DBC-B093-4DB86BA13B8A}.Debug|Any CPU.Build.0 = Debug|Any CPU
		{3531D6E5-E58E-4DBC-B093-4DB86BA13B8A}.Release|Any CPU.ActiveCfg = Release|Any CPU
		{3531D6E5-E58E-4DBC-B093-4DB86BA13B8A}.Release|Any CPU.Build.0 = Release|Any CPU
		{978171A2-852A-4AB8-9E9C-B6690658955C}.Debug|Any CPU.ActiveCfg = Debug|Any CPU
		{978171A2-852A-4AB8-9E9C-B6690658955C}.Debug|Any CPU.Build.0 = Debug|Any CPU
		{978171A2-852A-4AB8-9E9C-B6690658955C}.Release|Any CPU.ActiveCfg = Release|Any CPU
		{978171A2-852A-4AB8-9E9C-B6690658955C}.Release|Any CPU.Build.0 = Release|Any CPU
		{4546E6AF-D2E1-430D-AD5A-341303023FA9}.Debug|Any CPU.ActiveCfg = Debug|Any CPU
		{4546E6AF-D2E1-430D-AD5A-341303023FA9}.Debug|Any CPU.Build.0 = Debug|Any CPU
		{4546E6AF-D2E1-430D-AD5A-341303023FA9}.Release|Any CPU.ActiveCfg = Release|Any CPU
		{4546E6AF-D2E1-430D-AD5A-341303023FA9}.Release|Any CPU.Build.0 = Release|Any CPU
		{75B37FF2-5A94-4B36-A2A6-189A9EBA692C}.Debug|Any CPU.ActiveCfg = Debug|Any CPU
		{75B37FF2-5A94-4B36-A2A6-189A9EBA692C}.Debug|Any CPU.Build.0 = Debug|Any CPU
		{75B37FF2-5A94-4B36-A2A6-189A9EBA692C}.Release|Any CPU.ActiveCfg = Release|Any CPU
		{75B37FF2-5A94-4B36-A2A6-189A9EBA692C}.Release|Any CPU.Build.0 = Release|Any CPU
		{32930455-5331-4420-B6D9-27B2C0200BCF}.Debug|Any CPU.ActiveCfg = Debug|Any CPU
		{32930455-5331-4420-B6D9-27B2C0200BCF}.Debug|Any CPU.Build.0 = Debug|Any CPU
		{32930455-5331-4420-B6D9-27B2C0200BCF}.Release|Any CPU.ActiveCfg = Release|Any CPU
		{32930455-5331-4420-B6D9-27B2C0200BCF}.Release|Any CPU.Build.0 = Release|Any CPU
		{187374F0-769C-4939-8EE5-B8BADCFD4F75}.Debug|Any CPU.ActiveCfg = Debug|Any CPU
		{187374F0-769C-4939-8EE5-B8BADCFD4F75}.Debug|Any CPU.Build.0 = Debug|Any CPU
		{187374F0-769C-4939-8EE5-B8BADCFD4F75}.Release|Any CPU.ActiveCfg = Release|Any CPU
		{187374F0-769C-4939-8EE5-B8BADCFD4F75}.Release|Any CPU.Build.0 = Release|Any CPU
	EndGlobalSection
	GlobalSection(SolutionProperties) = preSolution
		HideSolutionNode = FALSE
	EndGlobalSection
	GlobalSection(ExtensibilityGlobals) = postSolution
		SolutionGuid = {66242A14-3DAF-43A2-93B4-05C5464AD747}
	EndGlobalSection
EndGlobal
